
Microsoft Visual Studio Solution File, Format Version 12.00
# Visual Studio 15
VisualStudioVersion = 15.0.27130.2010
MinimumVisualStudioVersion = 10.0.40219.1
Project("{FAE04EC0-301F-11D3-BF4B-00C04F79EFBC}") = "Wpf2Mp4", "Wpf2Mp4\Wpf2Mp4.csproj", "{24823183-8AB7-4A5E-8DCE-D0536EF4942C}"
EndProject
Global
	GlobalSection(SolutionConfigurationPlatforms) = preSolution
		Debug|Any CPU = Debug|Any CPU
		Release|Any CPU = Release|Any CPU
	EndGlobalSection
	GlobalSection(ProjectConfigurationPlatforms) = postSolution
		{24823183-8AB7-4A5E-8DCE-D0536EF4942C}.Debug|Any CPU.ActiveCfg = Debug|Any CPU
		{24823183-8AB7-4A5E-8DCE-D0536EF4942C}.Debug|Any CPU.Build.0 = Debug|Any CPU
		{24823183-8AB7-4A5E-8DCE-D0536EF4942C}.Release|Any CPU.ActiveCfg = Release|Any CPU
		{24823183-8AB7-4A5E-8DCE-D0536EF4942C}.Release|Any CPU.Build.0 = Release|Any CPU
	EndGlobalSection
	GlobalSection(SolutionProperties) = preSolution
		HideSolutionNode = FALSE
	EndGlobalSection
	GlobalSection(ExtensibilityGlobals) = postSolution
		SolutionGuid = {A6E3738E-6F6A-4290-94E2-AAC2049C4222}
	EndGlobalSection
EndGlobal
