
Microsoft Visual Studio Solution File, Format Version 12.00
# Visual Studio 15
VisualStudioVersion = 15.0.27130.2010
MinimumVisualStudioVersion = 10.0.40219.1
Project("{FAE04EC0-301F-11D3-BF4B-00C04F79EFBC}") = "wfa2Mp4", "wfa2Mp4\wfa2Mp4.csproj", "{9CD24C88-232E-4ADF-8E03-BD01BB5D0917}"
EndProject
Global
	GlobalSection(SolutionConfigurationPlatforms) = preSolution
		Debug|Any CPU = Debug|Any CPU
		Release|Any CPU = Release|Any CPU
	EndGlobalSection
	GlobalSection(ProjectConfigurationPlatforms) = postSolution
		{9CD24C88-232E-4ADF-8E03-BD01BB5D0917}.Debug|Any CPU.ActiveCfg = Debug|Any CPU
		{9CD24C88-232E-4ADF-8E03-BD01BB5D0917}.Debug|Any CPU.Build.0 = Debug|Any CPU
		{9CD24C88-232E-4ADF-8E03-BD01BB5D0917}.Release|Any CPU.ActiveCfg = Release|Any CPU
		{9CD24C88-232E-4ADF-8E03-BD01BB5D0917}.Release|Any CPU.Build.0 = Release|Any CPU
	EndGlobalSection
	GlobalSection(SolutionProperties) = preSolution
		HideSolutionNode = FALSE
	EndGlobalSection
	GlobalSection(ExtensibilityGlobals) = postSolution
		SolutionGuid = {9F74C982-9B76-44E9-B64A-87A10C99363F}
	EndGlobalSection
EndGlobal
